
Microsoft Visual Studio Solution File, Format Version 12.00
# Visual Studio Version 16
VisualStudioVersion = 16.0.30011.22
MinimumVisualStudioVersion = 10.0.40219.1
Project("{FAE04EC0-301F-11D3-BF4B-00C04F79EFBC}") = "FlightControlWeb", "FlightControlWeb\FlightControlWeb.csproj", "{5B44F404-9A4C-4B78-931A-64550F48577D}"
EndProject
Global
	GlobalSection(SolutionConfigurationPlatforms) = preSolution
		Debug|Any CPU = Debug|Any CPU
		Release|Any CPU = Release|Any CPU
	EndGlobalSection
	GlobalSection(ProjectConfigurationPlatforms) = postSolution
		{5B44F404-9A4C-4B78-931A-64550F48577D}.Debug|Any CPU.ActiveCfg = Debug|Any CPU
		{5B44F404-9A4C-4B78-931A-64550F48577D}.Debug|Any CPU.Build.0 = Debug|Any CPU
		{5B44F404-9A4C-4B78-931A-64550F48577D}.Release|Any CPU.ActiveCfg = Release|Any CPU
		{5B44F404-9A4C-4B78-931A-64550F48577D}.Release|Any CPU.Build.0 = Release|Any CPU
	EndGlobalSection
	GlobalSection(SolutionProperties) = preSolution
		HideSolutionNode = FALSE
	EndGlobalSection
	GlobalSection(ExtensibilityGlobals) = postSolution
		SolutionGuid = {0FFD0925-58B3-4C11-96F2-C6BF24C497AF}
	EndGlobalSection
EndGlobal
